
Microsoft Visual Studio Solution File, Format Version 12.00
# Visual Studio Version 16
VisualStudioVersion = 16.0.30011.22
MinimumVisualStudioVersion = 10.0.40219.1
Project("{2150E333-8FDC-42A3-9474-1A3956D46DE8}") = "src", "src", "{9A6D5873-F7A6-4F6F-8163-4550E4231522}"
EndProject
Project("{2150E333-8FDC-42A3-9474-1A3956D46DE8}") = "tests", "tests", "{B2829E09-E787-4B93-86F1-CA18F9B5F874}"
EndProject
Project("{2150E333-8FDC-42A3-9474-1A3956D46DE8}") = "1-Presentation", "1-Presentation", "{E7C401FF-6C6F-4F58-BEAC-BCA6F56995EE}"
EndProject
Project("{2150E333-8FDC-42A3-9474-1A3956D46DE8}") = "2-Core", "2-Core", "{E44F9E6A-2168-4235-9B88-BD4067FF9210}"
EndProject
Project("{2150E333-8FDC-42A3-9474-1A3956D46DE8}") = "3-Infrastructure", "3-Infrastructure", "{07AE3171-3C31-46B3-AC31-16479A7F17FF}"
EndProject
Project("{FAE04EC0-301F-11D3-BF4B-00C04F79EFBC}") = "Jobsity.FinancialChat.Domain", "src\2-Core\Jobsity.FinancialChat.Domain\Jobsity.FinancialChat.Domain.csproj", "{5D4C12CE-9653-46B1-A253-A173A0127CF1}"
EndProject
Project("{FAE04EC0-301F-11D3-BF4B-00C04F79EFBC}") = "Jobsity.FinancialChat.Application", "src\2-Core\Jobsity.FinancialChat.Application\Jobsity.FinancialChat.Application.csproj", "{CCD70BCD-BB96-447B-A7CD-8A17A203EE52}"
EndProject
Project("{FAE04EC0-301F-11D3-BF4B-00C04F79EFBC}") = "Jobsity.FinancialChat.Infrastructure", "src\3-Infrastructure\Jobsity.FinancialChat.Infrastructure\Jobsity.FinancialChat.Infrastructure.csproj", "{61996350-9E7C-46CC-A408-AA5CC002FFE4}"
EndProject
Project("{FAE04EC0-301F-11D3-BF4B-00C04F79EFBC}") = "Jobsity.FinancialChat.Persistence", "src\3-Infrastructure\Jobsity.FinancialChat.Persistence\Jobsity.FinancialChat.Persistence.csproj", "{4333586F-724F-4A50-8168-6B8E40D0C5C0}"
EndProject
Global
	GlobalSection(SolutionConfigurationPlatforms) = preSolution
		Debug|Any CPU = Debug|Any CPU
		Release|Any CPU = Release|Any CPU
	EndGlobalSection
	GlobalSection(ProjectConfigurationPlatforms) = postSolution
		{5D4C12CE-9653-46B1-A253-A173A0127CF1}.Debug|Any CPU.ActiveCfg = Debug|Any CPU
		{5D4C12CE-9653-46B1-A253-A173A0127CF1}.Debug|Any CPU.Build.0 = Debug|Any CPU
		{5D4C12CE-9653-46B1-A253-A173A0127CF1}.Release|Any CPU.ActiveCfg = Release|Any CPU
		{5D4C12CE-9653-46B1-A253-A173A0127CF1}.Release|Any CPU.Build.0 = Release|Any CPU
		{CCD70BCD-BB96-447B-A7CD-8A17A203EE52}.Debug|Any CPU.ActiveCfg = Debug|Any CPU
		{CCD70BCD-BB96-447B-A7CD-8A17A203EE52}.Debug|Any CPU.Build.0 = Debug|Any CPU
		{CCD70BCD-BB96-447B-A7CD-8A17A203EE52}.Release|Any CPU.ActiveCfg = Release|Any CPU
		{CCD70BCD-BB96-447B-A7CD-8A17A203EE52}.Release|Any CPU.Build.0 = Release|Any CPU
		{61996350-9E7C-46CC-A408-AA5CC002FFE4}.Debug|Any CPU.ActiveCfg = Debug|Any CPU
		{61996350-9E7C-46CC-A408-AA5CC002FFE4}.Debug|Any CPU.Build.0 = Debug|Any CPU
		{61996350-9E7C-46CC-A408-AA5CC002FFE4}.Release|Any CPU.ActiveCfg = Release|Any CPU
		{61996350-9E7C-46CC-A408-AA5CC002FFE4}.Release|Any CPU.Build.0 = Release|Any CPU
		{4333586F-724F-4A50-8168-6B8E40D0C5C0}.Debug|Any CPU.ActiveCfg = Debug|Any CPU
		{4333586F-724F-4A50-8168-6B8E40D0C5C0}.Debug|Any CPU.Build.0 = Debug|Any CPU
		{4333586F-724F-4A50-8168-6B8E40D0C5C0}.Release|Any CPU.ActiveCfg = Release|Any CPU
		{4333586F-724F-4A50-8168-6B8E40D0C5C0}.Release|Any CPU.Build.0 = Release|Any CPU
	EndGlobalSection
	GlobalSection(SolutionProperties) = preSolution
		HideSolutionNode = FALSE
	EndGlobalSection
	GlobalSection(NestedProjects) = preSolution
		{E7C401FF-6C6F-4F58-BEAC-BCA6F56995EE} = {9A6D5873-F7A6-4F6F-8163-4550E4231522}
		{E44F9E6A-2168-4235-9B88-BD4067FF9210} = {9A6D5873-F7A6-4F6F-8163-4550E4231522}
		{07AE3171-3C31-46B3-AC31-16479A7F17FF} = {9A6D5873-F7A6-4F6F-8163-4550E4231522}
		{5D4C12CE-9653-46B1-A253-A173A0127CF1} = {E44F9E6A-2168-4235-9B88-BD4067FF9210}
		{CCD70BCD-BB96-447B-A7CD-8A17A203EE52} = {E44F9E6A-2168-4235-9B88-BD4067FF9210}
		{61996350-9E7C-46CC-A408-AA5CC002FFE4} = {07AE3171-3C31-46B3-AC31-16479A7F17FF}
		{4333586F-724F-4A50-8168-6B8E40D0C5C0} = {07AE3171-3C31-46B3-AC31-16479A7F17FF}
	EndGlobalSection
	GlobalSection(ExtensibilityGlobals) = postSolution
		SolutionGuid = {1A10BB46-3917-42FD-958F-DC2094D5919A}
	EndGlobalSection
EndGlobal
